<?xml version="1.0" encoding="utf-8"?>
<Project ToolsVersion="4.0" xmlns="http://schemas.microsoft.com/developer/msbuild/2003">
  <ItemGroup>
    <ClCompile Include="PostProcessor.cpp" />
    <ClCompile Include="MeshRenderer.cpp" />
    <ClCompile Include="Realtime_GI.cpp" />
    <ClCompile Include="..\SampleFramework11\v1.01\App.cpp">
      <Filter>SampleFramework11</Filter>
    </ClCompile>
    <ClCompile Include="..\SampleFramework11\v1.01\Assert.cpp">
      <Filter>SampleFramework11</Filter>
    </ClCompile>
    <ClCompile Include="..\SampleFramework11\v1.01\ColorConversions.cpp">
      <Filter>SampleFramework11</Filter>
    </ClCompile>
    <ClCompile Include="..\SampleFramework11\v1.01\FileIO.cpp">
      <Filter>SampleFramework11</Filter>
    </ClCompile>
    <ClCompile Include="..\SampleFramework11\v1.01\Input.cpp">
      <Filter>SampleFramework11</Filter>
    </ClCompile>
    <ClCompile Include="..\SampleFramework11\v1.01\MurmurHash.cpp">
      <Filter>SampleFramework11</Filter>
    </ClCompile>
    <ClCompile Include="..\SampleFramework11\v1.01\PCH.cpp">
      <Filter>SampleFramework11</Filter>
    </ClCompile>
    <ClCompile Include="..\SampleFramework11\v1.01\Settings.cpp">
      <Filter>SampleFramework11</Filter>
    </ClCompile>
    <ClCompile Include="..\SampleFramework11\v1.01\SF11_Math.cpp">
      <Filter>SampleFramework11</Filter>
    </ClCompile>
    <ClCompile Include="..\SampleFramework11\v1.01\Timer.cpp">
      <Filter>SampleFramework11</Filter>
    </ClCompile>
    <ClCompile Include="..\SampleFramework11\v1.01\TwHelper.cpp">
      <Filter>SampleFramework11</Filter>
    </ClCompile>
    <ClCompile Include="..\SampleFramework11\v1.01\Utility.cpp">
      <Filter>SampleFramework11</Filter>
    </ClCompile>
    <ClCompile Include="..\SampleFramework11\v1.01\Window.cpp">
      <Filter>SampleFramework11</Filter>
    </ClCompile>
    <ClCompile Include="..\SampleFramework11\v1.01\Graphics\DeviceStates.cpp">
      <Filter>SampleFramework11\Graphics</Filter>
    </ClCompile>
    <ClCompile Include="..\SampleFramework11\v1.01\Graphics\DXErr.cpp">
      <Filter>SampleFramework11\Graphics</Filter>
    </ClCompile>
    <ClCompile Include="..\SampleFramework11\v1.01\Graphics\GraphicsTypes.cpp">
      <Filter>SampleFramework11\Graphics</Filter>
    </ClCompile>
    <ClCompile Include="..\SampleFramework11\v1.01\Graphics\Model.cpp">
      <Filter>SampleFramework11\Graphics</Filter>
    </ClCompile>
    <ClCompile Include="..\SampleFramework11\v1.01\Graphics\PostProcessorBase.cpp">
      <Filter>SampleFramework11\Graphics</Filter>
    </ClCompile>
    <ClCompile Include="..\SampleFramework11\v1.01\Graphics\Profiler.cpp">
      <Filter>SampleFramework11\Graphics</Filter>
    </ClCompile>
    <ClCompile Include="..\SampleFramework11\v1.01\Graphics\SDKMesh.cpp">
      <Filter>SampleFramework11\Graphics</Filter>
    </ClCompile>
    <ClCompile Include="..\SampleFramework11\v1.01\Graphics\SH.cpp">
      <Filter>SampleFramework11\Graphics</Filter>
    </ClCompile>
    <ClCompile Include="..\SampleFramework11\v1.01\Graphics\ShaderCompilation.cpp">
      <Filter>SampleFramework11\Graphics</Filter>
    </ClCompile>
    <ClCompile Include="..\SampleFramework11\v1.01\Graphics\Skybox.cpp">
      <Filter>SampleFramework11\Graphics</Filter>
    </ClCompile>
    <ClCompile Include="..\SampleFramework11\v1.01\Graphics\SpriteFont.cpp">
      <Filter>SampleFramework11\Graphics</Filter>
    </ClCompile>
    <ClCompile Include="..\SampleFramework11\v1.01\Graphics\SpriteRenderer.cpp">
      <Filter>SampleFramework11\Graphics</Filter>
    </ClCompile>
    <ClCompile Include="..\SampleFramework11\v1.01\Graphics\Textures.cpp">
      <Filter>SampleFramework11\Graphics</Filter>
    </ClCompile>
    <ClCompile Include="..\SampleFramework11\v1.01\Graphics\WICTextureLoader.cpp">
      <Filter>SampleFramework11\Graphics</Filter>
    </ClCompile>
    <ClCompile Include="..\SampleFramework11\v1.01\Graphics\Camera.cpp">
      <Filter>SampleFramework11\Graphics</Filter>
    </ClCompile>
    <ClCompile Include="..\SampleFramework11\v1.01\Graphics\DDSTextureLoader.cpp">
      <Filter>SampleFramework11\Graphics</Filter>
    </ClCompile>
    <ClCompile Include="..\SampleFramework11\v1.01\Graphics\DeviceManager.cpp">
      <Filter>SampleFramework11\Graphics</Filter>
    </ClCompile>
    <ClCompile Include="..\SampleFramework11\v1.01\TinyEXR.cpp">
      <Filter>SampleFramework11</Filter>
    </ClCompile>
    <ClCompile Include="..\SampleFramework11\v1.01\Graphics\Sampling.cpp">
      <Filter>SampleFramework11\Graphics</Filter>
    </ClCompile>
    <ClCompile Include="AppSettings.cpp">
      <Filter>AppSettings</Filter>
    </ClCompile>
    <ClCompile Include="Scene.cpp" />
    <ClCompile Include="CreateCubemap.cpp" />
    <ClCompile Include="BoundUtils.cpp" />
    <ClCompile Include="DebugRenderer.cpp" />
    <ClCompile Include="LightClusters.cpp" />
    <ClCompile Include="IrradianceVolume.cpp">
      <Filter>GI</Filter>
    </ClCompile>
  </ItemGroup>
  <ItemGroup>
    <ClInclude Include="PostProcessor.h" />
    <ClInclude Include="MeshRenderer.h" />
    <ClInclude Include="Realtime_GI.h" />
    <ClInclude Include="..\SampleFramework11\v1.01\ColorConversions.h">
      <Filter>SampleFramework11</Filter>
    </ClInclude>
    <ClInclude Include="..\SampleFramework11\v1.01\Exceptions.h">
      <Filter>SampleFramework11</Filter>
    </ClInclude>
    <ClInclude Include="..\SampleFramework11\v1.01\FileIO.h">
      <Filter>SampleFramework11</Filter>
    </ClInclude>
    <ClInclude Include="..\SampleFramework11\v1.01\Input.h">
      <Filter>SampleFramework11</Filter>
    </ClInclude>
    <ClInclude Include="..\SampleFramework11\v1.01\InterfacePointers.h">
      <Filter>SampleFramework11</Filter>
    </ClInclude>
    <ClInclude Include="..\SampleFramework11\v1.01\MurmurHash.h">
      <Filter>SampleFramework11</Filter>
    </ClInclude>
    <ClInclude Include="..\SampleFramework11\v1.01\PCH.h">
      <Filter>SampleFramework11</Filter>
    </ClInclude>
    <ClInclude Include="..\SampleFramework11\v1.01\Serialization.h">
      <Filter>SampleFramework11</Filter>
    </ClInclude>
    <ClInclude Include="..\SampleFramework11\v1.01\Settings.h">
      <Filter>SampleFramework11</Filter>
    </ClInclude>
    <ClInclude Include="..\SampleFramework11\v1.01\SF11_Math.h">
      <Filter>SampleFramework11</Filter>
    </ClInclude>
    <ClInclude Include="..\SampleFramework11\v1.01\Timer.h">
      <Filter>SampleFramework11</Filter>
    </ClInclude>
    <ClInclude Include="..\SampleFramework11\v1.01\TwHelper.h">
      <Filter>SampleFramework11</Filter>
    </ClInclude>
    <ClInclude Include="..\SampleFramework11\v1.01\Utility.h">
      <Filter>SampleFramework11</Filter>
    </ClInclude>
    <ClInclude Include="..\SampleFramework11\v1.01\Window.h">
      <Filter>SampleFramework11</Filter>
    </ClInclude>
    <ClInclude Include="..\SampleFramework11\v1.01\App.h">
      <Filter>SampleFramework11</Filter>
    </ClInclude>
    <ClInclude Include="..\SampleFramework11\v1.01\Assert.h">
      <Filter>SampleFramework11</Filter>
    </ClInclude>
    <ClInclude Include="..\SampleFramework11\v1.01\Graphics\DeviceStates.h">
      <Filter>SampleFramework11\Graphics</Filter>
    </ClInclude>
    <ClInclude Include="..\SampleFramework11\v1.01\Graphics\DXErr.h">
      <Filter>SampleFramework11\Graphics</Filter>
    </ClInclude>
    <ClInclude Include="..\SampleFramework11\v1.01\Graphics\GraphicsTypes.h">
      <Filter>SampleFramework11\Graphics</Filter>
    </ClInclude>
    <ClInclude Include="..\SampleFramework11\v1.01\Graphics\Model.h">
      <Filter>SampleFramework11\Graphics</Filter>
    </ClInclude>
    <ClInclude Include="..\SampleFramework11\v1.01\Graphics\PostProcessorBase.h">
      <Filter>SampleFramework11\Graphics</Filter>
    </ClInclude>
    <ClInclude Include="..\SampleFramework11\v1.01\Graphics\Profiler.h">
      <Filter>SampleFramework11\Graphics</Filter>
    </ClInclude>
    <ClInclude Include="..\SampleFramework11\v1.01\Graphics\SDKMesh.h">
      <Filter>SampleFramework11\Graphics</Filter>
    </ClInclude>
    <ClInclude Include="..\SampleFramework11\v1.01\Graphics\SH.h">
      <Filter>SampleFramework11\Graphics</Filter>
    </ClInclude>
    <ClInclude Include="..\SampleFramework11\v1.01\Graphics\ShaderCompilation.h">
      <Filter>SampleFramework11\Graphics</Filter>
    </ClInclude>
    <ClInclude Include="..\SampleFramework11\v1.01\Graphics\Skybox.h">
      <Filter>SampleFramework11\Graphics</Filter>
    </ClInclude>
    <ClInclude Include="..\SampleFramework11\v1.01\Graphics\SpriteFont.h">
      <Filter>SampleFramework11\Graphics</Filter>
    </ClInclude>
    <ClInclude Include="..\SampleFramework11\v1.01\Graphics\SpriteRenderer.h">
      <Filter>SampleFramework11\Graphics</Filter>
    </ClInclude>
    <ClInclude Include="..\SampleFramework11\v1.01\Graphics\Textures.h">
      <Filter>SampleFramework11\Graphics</Filter>
    </ClInclude>
    <ClInclude Include="..\SampleFramework11\v1.01\Graphics\WICTextureLoader.h">
      <Filter>SampleFramework11\Graphics</Filter>
    </ClInclude>
    <ClInclude Include="..\SampleFramework11\v1.01\Graphics\Camera.h">
      <Filter>SampleFramework11\Graphics</Filter>
    </ClInclude>
    <ClInclude Include="..\SampleFramework11\v1.01\Graphics\DDSTextureLoader.h">
      <Filter>SampleFramework11\Graphics</Filter>
    </ClInclude>
    <ClInclude Include="..\SampleFramework11\v1.01\Graphics\DeviceManager.h">
      <Filter>SampleFramework11\Graphics</Filter>
    </ClInclude>
    <ClInclude Include="..\SampleFramework11\v1.01\TinyEXR.h">
      <Filter>SampleFramework11</Filter>
    </ClInclude>
    <ClInclude Include="..\SampleFramework11\v1.01\Graphics\BRDF.h">
      <Filter>SampleFramework11\Graphics</Filter>
    </ClInclude>
    <ClInclude Include="..\SampleFramework11\v1.01\Graphics\Sampling.h">
      <Filter>SampleFramework11\Graphics</Filter>
    </ClInclude>
    <ClInclude Include="..\SampleFramework11\v1.01\Graphics\Filtering.h">
      <Filter>SampleFramework11\Graphics</Filter>
    </ClInclude>
    <ClInclude Include="resource.h">
      <Filter>Misc</Filter>
    </ClInclude>
    <ClInclude Include="AppPCH.h">
      <Filter>Misc</Filter>
    </ClInclude>
    <ClInclude Include="AppSettings.h">
      <Filter>AppSettings</Filter>
    </ClInclude>
    <ClInclude Include="SharedConstants.h">
      <Filter>Shader</Filter>
    </ClInclude>
    <ClInclude Include="Scene.h" />
    <ClInclude Include="AppPCH.h">
      <Filter>Misc</Filter>
    </ClInclude>
    <ClInclude Include="CreateCubemap.h" />
    <ClInclude Include="Light.h" />
    <ClInclude Include="LightClusters.h" />
    <ClInclude Include="ShadowMapSettings.h" />
    <ClInclude Include="BoundUtils.h" />
    <ClInclude Include="DebugRenderer.h" />
    <ClInclude Include="IrradianceVolume.h">
      <Filter>GI</Filter>
    </ClInclude>
  </ItemGroup>
  <ItemGroup>
    <None Include="AppSettings.hlsl">
      <Filter>Shader</Filter>
    </None>
    <None Include="BackgroundVelocity.hlsl">
      <Filter>Shader</Filter>
    </None>
    <None Include="DepthOnly.hlsl">
      <Filter>Shader</Filter>
    </None>
    <None Include="EVSM.hlsl">
      <Filter>Shader</Filter>
    </None>
    <None Include="DepthReduction.hlsl">
      <Filter>Shader</Filter>
    </None>
    <None Include="EVSMConvert.hlsl">
      <Filter>Shader</Filter>
    </None>
    <None Include="LuminanceReduction.hlsl">
      <Filter>Shader</Filter>
    </None>
    <None Include="Mesh.hlsl">
      <Filter>Shader</Filter>
    </None>
    <None Include="Icon.ico">
      <Filter>Misc</Filter>
    </None>
    <None Include="Resolve.hlsl">
      <Filter>Shader</Filter>
    </None>
    <None Include="PostProcessing.hlsl">
      <Filter>Shader</Filter>
    </None>
    <None Include="ClusteredDeferred.hlsl">
      <Filter>Shader</Filter>
    </None>
    <None Include="LightCommon.hlsli">
      <Filter>Shader</Filter>
    </None>
    <None Include="BRDF.hlsli">
      <Filter>Shader</Filter>
    </None>
    <None Include="Shadow.hlsli">
      <Filter>Shader</Filter>
    </None>
    <None Include="Surface.hlsli">
      <Filter>Shader</Filter>
    </None>
    <None Include="DebugGeom.hlsl">
      <Filter>Shader</Filter>
    </None>
    <None Include="ProxyMeshTexcoord.hlsl">
      <Filter>Shader\GI</Filter>
    </None>
    <None Include="DirectDiffuse.hlsl">
      <Filter>Shader\GI</Filter>
    </None>
    <None Include="SimpleDepthOnly.hlsl">
      <Filter>Shader\GI</Filter>
    </None>
  </ItemGroup>
  <ItemGroup>
    <Filter Include="SampleFramework11">
      <UniqueIdentifier>{046ff806-30e7-4898-b2f8-67148df7f82e}</UniqueIdentifier>
    </Filter>
    <Filter Include="SampleFramework11\Graphics">
      <UniqueIdentifier>{d42f399e-5187-4d62-99e5-2e994ad01c6b}</UniqueIdentifier>
    </Filter>
    <Filter Include="SampleFramework11\External DLLs">
      <UniqueIdentifier>{f554bad2-3017-4de6-b296-a8d625a6d4df}</UniqueIdentifier>
    </Filter>
    <Filter Include="Shader">
      <UniqueIdentifier>{59e3870b-cac0-4f3b-83a3-2a76a0a2d64d}</UniqueIdentifier>
    </Filter>
    <Filter Include="Misc">
      <UniqueIdentifier>{1f4a5720-2d20-4b9f-a008-45f16c2bc468}</UniqueIdentifier>
    </Filter>
    <Filter Include="AppSettings">
      <UniqueIdentifier>{8fb942f4-c518-447f-ba29-a9e4f3802dc3}</UniqueIdentifier>
    </Filter>
    <Filter Include="Contents">
      <UniqueIdentifier>{e9bb0b02-a2cf-49d9-ad40-b12897eca28d}</UniqueIdentifier>
    </Filter>
    <Filter Include="Contents\Textures">
      <UniqueIdentifier>{822be5f7-75d8-4523-803a-8b8e5cb481e8}</UniqueIdentifier>
    </Filter>
    <Filter Include="Contents\Textures\CornellBox">
      <UniqueIdentifier>{40289545-e11f-4c57-940c-9eab44dc2469}</UniqueIdentifier>
    </Filter>
    <Filter Include="GI">
      <UniqueIdentifier>{ed4601c0-7961-49a1-a4e4-bba0d0b18c70}</UniqueIdentifier>
    </Filter>
    <Filter Include="Shader\GI">
      <UniqueIdentifier>{115b12d1-2327-4838-8358-50c93587849a}</UniqueIdentifier>
    </Filter>
  </ItemGroup>
  <ItemGroup>
    <CustomBuild Include="..\Externals\AntTweakBar\bin\AntTweakBar64.dll">
      <Filter>SampleFramework11\External DLLs</Filter>
    </CustomBuild>
    <CustomBuild Include="..\Externals\Assimp-3.1.1\bin\assimp.dll">
      <Filter>SampleFramework11\External DLLs</Filter>
    </CustomBuild>
    <CustomBuild Include="..\Externals\d3dcompiler_47.dll">
      <Filter>SampleFramework11\External DLLs</Filter>
    </CustomBuild>
    <CustomBuild Include="AppSettings.cs">
      <Filter>AppSettings</Filter>
    </CustomBuild>
  </ItemGroup>
  <ItemGroup>
    <ResourceCompile Include="Realtime_GI.rc">
      <Filter>Misc</Filter>
    </ResourceCompile>
  </ItemGroup>
  <ItemGroup>
    <Image Include="..\Content\Textures\Bricks_NML.dds">
      <Filter>Contents</Filter>
    </Image>
    <Image Include="..\Content\Textures\Default.dds">
      <Filter>Contents</Filter>
    </Image>
    <Image Include="..\Content\Textures\DefaultNormalMap.dds">
      <Filter>Contents</Filter>
    </Image>
    <Image Include="..\Content\Textures\DefaultWhite.dds">
      <Filter>Contents</Filter>
    </Image>
    <Image Include="..\Content\Textures\SpecularLookup.dds">
      <Filter>Contents</Filter>
    </Image>
    <Image Include="..\Content\Models\CornellBox\blue.dds">
      <Filter>Contents\Textures\CornellBox</Filter>
    </Image>
    <Image Include="..\Content\Models\CornellBox\green.dds">
      <Filter>Contents\Textures\CornellBox</Filter>
    </Image>
    <Image Include="..\Content\Models\CornellBox\red.dds">
      <Filter>Contents\Textures\CornellBox</Filter>
    </Image>
    <Image Include="..\Content\Models\CornellBox\white.dds">
      <Filter>Contents\Textures\CornellBox</Filter>
    </Image>
    <Image Include="..\..\..\Users\wqxho_000\Downloads\Cerberus_by_Andrew_Maximov\Cerberus_by_Andrew_Maximov\Textures\Normal\Cerberus_N.dds">
      <Filter>Contents</Filter>
    </Image>
    <Image Include="..\Content\EnvMaps\Ennis.dds">
      <Filter>Misc</Filter>
    </Image>
    <Image Include="Debug\x64\t2.dds">
      <Filter>Misc</Filter>
    </Image>
    <Image Include="Debug\x64\t1.dds">
      <Filter>Misc</Filter>
    </Image>
  </ItemGroup>
</Project>